
Microsoft Visual Studio Solution File, Format Version 12.00
# Visual Studio Version 17
VisualStudioVersion = 17.3.32819.101
MinimumVisualStudioVersion = 10.0.40219.1
Project("{FAE04EC0-301F-11D3-BF4B-00C04F79EFBC}") = "SistemaArtemis", "SistemaArtemis.csproj", "{45D87829-6BC5-4CB9-8B67-69AB4AC03635}"
EndProject
Global
	GlobalSection(SolutionConfigurationPlatforms) = preSolution
		Debug|Any CPU = Debug|Any CPU
		Release|Any CPU = Release|Any CPU
	EndGlobalSection
	GlobalSection(ProjectConfigurationPlatforms) = postSolution
		{45D87829-6BC5-4CB9-8B67-69AB4AC03635}.Debug|Any CPU.ActiveCfg = Debug|Any CPU
		{45D87829-6BC5-4CB9-8B67-69AB4AC03635}.Debug|Any CPU.Build.0 = Debug|Any CPU
		{45D87829-6BC5-4CB9-8B67-69AB4AC03635}.Release|Any CPU.ActiveCfg = Release|Any CPU
		{45D87829-6BC5-4CB9-8B67-69AB4AC03635}.Release|Any CPU.Build.0 = Release|Any CPU
	EndGlobalSection
	GlobalSection(SolutionProperties) = preSolution
		HideSolutionNode = FALSE
	EndGlobalSection
	GlobalSection(ExtensibilityGlobals) = postSolution
		SolutionGuid = {011AF336-A16A-4D36-8449-3A0EDB202BE4}
	EndGlobalSection
EndGlobal
